
Microsoft Visual Studio Solution File, Format Version 12.00
# Visual Studio 15
VisualStudioVersion = 15.0.28307.168
MinimumVisualStudioVersion = 10.0.40219.1
Project("{FAE04EC0-301F-11D3-BF4B-00C04F79EFBC}") = "Generic", "Generic\Generic.csproj", "{2155BFB8-9EE9-469F-A9A2-B57E2949DEAE}"
EndProject
Global
	GlobalSection(SolutionConfigurationPlatforms) = preSolution
		Debug|Any CPU = Debug|Any CPU
		Release|Any CPU = Release|Any CPU
	EndGlobalSection
	GlobalSection(ProjectConfigurationPlatforms) = postSolution
		{2155BFB8-9EE9-469F-A9A2-B57E2949DEAE}.Debug|Any CPU.ActiveCfg = Debug|Any CPU
		{2155BFB8-9EE9-469F-A9A2-B57E2949DEAE}.Debug|Any CPU.Build.0 = Debug|Any CPU
		{2155BFB8-9EE9-469F-A9A2-B57E2949DEAE}.Release|Any CPU.ActiveCfg = Release|Any CPU
		{2155BFB8-9EE9-469F-A9A2-B57E2949DEAE}.Release|Any CPU.Build.0 = Release|Any CPU
	EndGlobalSection
	GlobalSection(SolutionProperties) = preSolution
		HideSolutionNode = FALSE
	EndGlobalSection
	GlobalSection(ExtensibilityGlobals) = postSolution
		SolutionGuid = {E791819F-1725-4AA7-AB46-B0782683D6E1}
	EndGlobalSection
EndGlobal
